// !$*UTF8*$!
{
	archiveVersion = 1;
	classes = {
	};
	objectVersion = 77;
	objects = {

/* Begin PBXContainerItemProxy section */
		C4803CA42EF0264D0038FA7D /* PBXContainerItemProxy */ = {
			isa = PBXContainerItemProxy;
			containerPortal = C4803C852EF0264B0038FA7D /* Project object */;
			proxyType = 1;
			remoteGlobalIDString = C4803C8C2EF0264B0038FA7D;
			remoteInfo = proverbiando;
		};
		C4803CAE2EF0264D0038FA7D /* PBXContainerItemProxy */ = {
			isa = PBXContainerItemProxy;
			containerPortal = C4803C852EF0264B0038FA7D /* Project object */;
			proxyType = 1;
			remoteGlobalIDString = C4803C8C2EF0264B0038FA7D;
			remoteInfo = proverbiando;
		};
/* End PBXContainerItemProxy section */

/* Begin PBXFileReference section */
		C4803C8D2EF0264B0038FA7D /* proverbiando.app */ = {isa = PBXFileReference; explicitFileType = wrapper.application; includeInIndex = 0; path = proverbiando.app; sourceTree = BUILT_PRODUCTS_DIR; };
		C4803CA32EF0264D0038FA7D /* proverbiandoTests.xctest */ = {isa = PBXFileReference; explicitFileType = wrapper.cfbundle; includeInIndex = 0; path = proverbiandoTests.xctest; sourceTree = BUILT_PRODUCTS_DIR; };
		C4803CAD2EF0264D0038FA7D /* proverbiandoUITests.xctest */ = {isa = PBXFileReference; explicitFileType = wrapper.cfbundle; includeInIndex = 0; path = proverbiandoUITests.xctest; sourceTree = BUILT_PRODUCTS_DIR; };
/* End PBXFileReference section */

/* Begin PBXFileSystemSynchronizedBuildFileExceptionSet section */
		C4803CB52EF0264D0038FA7D /* Exceptions for "proverbiando" folder in "proverbiando" target */ = {
			isa = PBXFileSystemSynchronizedBuildFileExceptionSet;
			membershipExceptions = (
				Info.plist,
			);
			target = C4803C8C2EF0264B0038FA7D /* proverbiando */;
		};
/* End PBXFileSystemSynchronizedBuildFileExceptionSet section */

/* Begin PBXFileSystemSynchronizedRootGroup section */
		C4803C8F2EF0264B0038FA7D /* proverbiando */ = {
			isa = PBXFileSystemSynchronizedRootGroup;
			exceptions = (
				C4803CB52EF0264D0038FA7D /* Exceptions for "proverbiando" folder in "proverbiando" target */,
			);
			path = proverbiando;
			sourceTree = "<group>";
		};
		C4803CA62EF0264D0038FA7D /* proverbiandoTests */ = {
			isa = PBXFileSystemSynchronizedRootGroup;
			path = proverbiandoTests;
			sourceTree = "<group>";
		};
		C4803CB02EF0264D0038FA7D /* proverbiandoUITests */ = {
			isa = PBXFileSystemSynchronizedRootGroup;
			path = proverbiandoUITests;
			sourceTree = "<group>";
		};
/* End PBXFileSystemSynchronizedRootGroup section */

/* Begin PBXFrameworksBuildPhase section */
		C4803C8A2EF0264B0038FA7D /* Frameworks */ = {
			isa = PBXFrameworksBuildPhase;
			buildActionMask = 2147483647;
			files = (
			);
			runOnlyForDeploymentPostprocessing = 0;
		};
		C4803CA02EF0264D0038FA7D /* Frameworks */ = {
			isa = PBXFrameworksBuildPhase;
			buildActionMask = 2147483647;
			files = (
			);
			runOnlyForDeploymentPostprocessing = 0;
		};
		C4803CAA2EF0264D0038FA7D /* Frameworks */ = {
			isa = PBXFrameworksBuildPhase;
			buildActionMask = 2147483647;
			files = (
			);
			runOnlyForDeploymentPostprocessing = 0;
		};
/* End PBXFrameworksBuildPhase section */

/* Begin PBXGroup section */
		C4803C842EF0264B0038FA7D = {
			isa = PBXGroup;
			children = (
				C4803C8F2EF0264B0038FA7D /* proverbiando */,
				C4803CA62EF0264D0038FA7D /* proverbiandoTests */,
				C4803CB02EF0264D0038FA7D /* proverbiandoUITests */,
				C4803C8E2EF0264B0038FA7D /* Products */,
			);
			sourceTree = "<group>";
		};
		C4803C8E2EF0264B0038FA7D /* Products */ = {
			isa = PBXGroup;
			children = (
				C4803C8D2EF0264B0038FA7D /* proverbiando.app */,
				C4803CA32EF0264D0038FA7D /* proverbiandoTests.xctest */,
				C4803CAD2EF0264D0038FA7D /* proverbiandoUITests.xctest */,
			);
			name = Products;
			sourceTree = "<group>";
		};
/* End PBXGroup section */

/* Begin PBXNativeTarget section */
		C4803C8C2EF0264B0038FA7D /* proverbiando */ = {
			isa = PBXNativeTarget;
			buildConfigurationList = C4803CB62EF0264D0038FA7D /* Build configuration list for PBXNativeTarget "proverbiando" */;
			buildPhases = (
				C4803C892EF0264B0038FA7D /* Sources */,
				C4803C8A2EF0264B0038FA7D /* Frameworks */,
				C4803C8B2EF0264B0038FA7D /* Resources */,
			);
			buildRules = (
			);
			dependencies = (
			);
			fileSystemSynchronizedGroups = (
				C4803C8F2EF0264B0038FA7D /* proverbiando */,
			);
			name = proverbiando;
			packageProductDependencies = (
			);
			productName = proverbiando;
			productReference = C4803C8D2EF0264B0038FA7D /* proverbiando.app */;
			productType = "com.apple.product-type.application";
		};
		C4803CA22EF0264D0038FA7D /* proverbiandoTests */ = {
			isa = PBXNativeTarget;
			buildConfigurationList = C4803CBB2EF0264D0038FA7D /* Build configuration list for PBXNativeTarget "proverbiandoTests" */;
			buildPhases = (
				C4803C9F2EF0264D0038FA7D /* Sources */,
				C4803CA02EF0264D0038FA7D /* Frameworks */,
				C4803CA12EF0264D0038FA7D /* Resources */,
			);
			buildRules = (
			);
			dependencies = (
				C4803CA52EF0264D0038FA7D /* PBXTargetDependency */,
			);
			fileSystemSynchronizedGroups = (
				C4803CA62EF0264D0038FA7D /* proverbiandoTests */,
			);
			name = proverbiandoTests;
			packageProductDependencies = (
			);
			productName = proverbiandoTests;
			productReference = C4803CA32EF0264D0038FA7D /* proverbiandoTests.xctest */;
			productType = "com.apple.product-type.bundle.unit-test";
		};
		C4803CAC2EF0264D0038FA7D /* proverbiandoUITests */ = {
			isa = PBXNativeTarget;
			buildConfigurationList = C4803CBE2EF0264D0038FA7D /* Build configuration list for PBXNativeTarget "proverbiandoUITests" */;
			buildPhases = (
				C4803CA92EF0264D0038FA7D /* Sources */,
				C4803CAA2EF0264D0038FA7D /* Frameworks */,
				C4803CAB2EF0264D0038FA7D /* Resources */,
			);
			buildRules = (
			);
			dependencies = (
				C4803CAF2EF0264D0038FA7D /* PBXTargetDependency */,
			);
			fileSystemSynchronizedGroups = (
				C4803CB02EF0264D0038FA7D /* proverbiandoUITests */,
			);
			name = proverbiandoUITests;
			packageProductDependencies = (
			);
			productName = proverbiandoUITests;
			productReference = C4803CAD2EF0264D0038FA7D /* proverbiandoUITests.xctest */;
			productType = "com.apple.product-type.bundle.ui-testing";
		};
/* End PBXNativeTarget section */

/* Begin PBXProject section */
		C4803C852EF0264B0038FA7D /* Project object */ = {
			isa = PBXProject;
			attributes = {
				BuildIndependentTargetsInParallel = 1;
				LastSwiftUpdateCheck = 2610;
				LastUpgradeCheck = 2610;
				TargetAttributes = {
					C4803C8C2EF0264B0038FA7D = {
						CreatedOnToolsVersion = 26.1.1;
					};
					C4803CA22EF0264D0038FA7D = {
						CreatedOnToolsVersion = 26.1.1;
						TestTargetID = C4803C8C2EF0264B0038FA7D;
					};
					C4803CAC2EF0264D0038FA7D = {
						CreatedOnToolsVersion = 26.1.1;
						TestTargetID = C4803C8C2EF0264B0038FA7D;
					};
				};
			};
			buildConfigurationList = C4803C882EF0264B0038FA7D /* Build configuration list for PBXProject "proverbiando" */;
			developmentRegion = en;
			hasScannedForEncodings = 0;
			knownRegions = (
				en,
				Base,
			);
			mainGroup = C4803C842EF0264B0038FA7D;
			minimizedProjectReferenceProxies = 1;
			preferredProjectObjectVersion = 77;
			productRefGroup = C4803C8E2EF0264B0038FA7D /* Products */;
			projectDirPath = "";
			projectRoot = "";
			targets = (
				C4803C8C2EF0264B0038FA7D /* proverbiando */,
				C4803CA22EF0264D0038FA7D /* proverbiandoTests */,
				C4803CAC2EF0264D0038FA7D /* proverbiandoUITests */,
			);
		};
/* End PBXProject section */

/* Begin PBXResourcesBuildPhase section */
		C4803C8B2EF0264B0038FA7D /* Resources */ = {
			isa = PBXResourcesBuildPhase;
			buildActionMask = 2147483647;
			files = (
			);
			runOnlyForDeploymentPostprocessing = 0;
		};
		C4803CA12EF0264D0038FA7D /* Resources */ = {
			isa = PBXResourcesBuildPhase;
			buildActionMask = 2147483647;
			files = (
			);
			runOnlyForDeploymentPostprocessing = 0;
		};
		C4803CAB2EF0264D0038FA7D /* Resources */ = {
			isa = PBXResourcesBuildPhase;
			buildActionMask = 2147483647;
			files = (
			);
			runOnlyForDeploymentPostprocessing = 0;
		};
/* End PBXResourcesBuildPhase section */

/* Begin PBXSourcesBuildPhase section */
		C4803C892EF0264B0038FA7D /* Sources */ = {
			isa = PBXSourcesBuildPhase;
			buildActionMask = 2147483647;
			files = (
			);
			runOnlyForDeploymentPostprocessing = 0;
		};
		C4803C9F2EF0264D0038FA7D /* Sources */ = {
			isa = PBXSourcesBuildPhase;
			buildActionMask = 2147483647;
			files = (
			);
			runOnlyForDeploymentPostprocessing = 0;
		};
		C4803CA92EF0264D0038FA7D /* Sources */ = {
			isa = PBXSourcesBuildPhase;
			buildActionMask = 2147483647;
			files = (
			);
			runOnlyForDeploymentPostprocessing = 0;
		};
/* End PBXSourcesBuildPhase section */

/* Begin PBXTargetDependency section */
		C4803CA52EF0264D0038FA7D /* PBXTargetDependency */ = {
			isa = PBXTargetDependency;
			target = C4803C8C2EF0264B0038FA7D /* proverbiando */;
			targetProxy = C4803CA42EF0264D0038FA7D /* PBXContainerItemProxy */;
		};
		C4803CAF2EF0264D0038FA7D /* PBXTargetDependency */ = {
			isa = PBXTargetDependency;
			target = C4803C8C2EF0264B0038FA7D /* proverbiando */;
			targetProxy = C4803CAE2EF0264D0038FA7D /* PBXContainerItemProxy */;
		};
/* End PBXTargetDependency section */

/* Begin XCBuildConfiguration section */
		C4803CB72EF0264D0038FA7D /* Debug */ = {
			isa = XCBuildConfiguration;
			buildSettings = {
				ASSETCATALOG_COMPILER_APPICON_NAME = AppIcon;
				ASSETCATALOG_COMPILER_GLOBAL_ACCENT_COLOR_NAME = AccentColor;
				CODE_SIGN_STYLE = Automatic;
				CURRENT_PROJECT_VERSION = 1;
				DEVELOPMENT_TEAM = 456HUL2J6C;
				GENERATE_INFOPLIST_FILE = YES;
				INFOPLIST_FILE = proverbiando/Info.plist;
				INFOPLIST_KEY_UIApplicationSupportsIndirectInputEvents = YES;
				INFOPLIST_KEY_UILaunchStoryboardName = LaunchScreen;
				INFOPLIST_KEY_UIMainStoryboardFile = Main;
				INFOPLIST_KEY_UISupportedInterfaceOrientations_iPad = "UIInterfaceOrientationPortrait UIInterfaceOrientationPortraitUpsideDown UIInterfaceOrientationLandscapeLeft UIInterfaceOrientationLandscapeRight";
				INFOPLIST_KEY_UISupportedInterfaceOrientations_iPhone = "UIInterfaceOrientationPortrait UIInterfaceOrientationLandscapeLeft UIInterfaceOrientationLandscapeRight";
				LD_RUNPATH_SEARCH_PATHS = (
					"$(inherited)",
					"@executable_path/Frameworks",
				);
				MARKETING_VERSION = 1.0;
				PRODUCT_BUNDLE_IDENTIFIER = com.thedevjeff.proverbiando;
				PRODUCT_NAME = "$(TARGET_NAME)";
				STRING_CATALOG_GENERATE_SYMBOLS = YES;
				SWIFT_APPROACHABLE_CONCURRENCY = YES;
				SWIFT_DEFAULT_ACTOR_ISOLATION = MainActor;
				SWIFT_EMIT_LOC_STRINGS = YES;
				SWIFT_UPCOMING_FEATURE_MEMBER_IMPORT_VISIBILITY = YES;
				SWIFT_VERSION = 5.0;
				TARGETED_DEVICE_FAMILY = "1,2";
			};
			name = Debug;
		};
		C4803CB82EF0264D0038FA7D /* Release */ = {
			isa = XCBuildConfiguration;
			buildSettings = {
				ASSETCATALOG_COMPILER_APPICON_NAME = AppIcon;
				ASSETCATALOG_COMPILER_GLOBAL_ACCENT_COLOR_NAME = AccentColor;
				CODE_SIGN_STYLE = Automatic;
				CURRENT_PROJECT_VERSION = 1;
				DEVELOPMENT_TEAM = 456HUL2J6C;
				GENERATE_INFOPLIST_FILE = YES;
				INFOPLIST_FILE = proverbiando/Info.plist;
				INFOPLIST_KEY_UIApplicationSupportsIndirectInputEvents = YES;
				INFOPLIST_KEY_UILaunchStoryboardName = LaunchScreen;
				INFOPLIST_KEY_UIMainStoryboardFile = Main;
				INFOPLIST_KEY_UISupportedInterfaceOrientations_iPad = "UIInterfaceOrientationPortrait UIInterfaceOrientationPortraitUpsideDown UIInterfaceOrientationLandscapeLeft UIInterfaceOrientationLandscapeRight";
				INFOPLIST_KEY_UISupportedInterfaceOrientations_iPhone = "UIInterfaceOrientationPortrait UIInterfaceOrientationLandscapeLeft UIInterfaceOrientationLandscapeRight";
				LD_RUNPATH_SEARCH_PATHS = (
					"$(inherited)",
					"@executable_path/Frameworks",
				);
				MARKETING_VERSION = 1.0;
				PRODUCT_BUNDLE_IDENTIFIER = com.thedevjeff.proverbiando;
				PRODUCT_NAME = "$(TARGET_NAME)";
				STRING_CATALOG_GENERATE_SYMBOLS = YES;
				SWIFT_APPROACHABLE_CONCURRENCY = YES;
				SWIFT_DEFAULT_ACTOR_ISOLATION = MainActor;
				SWIFT_EMIT_LOC_STRINGS = YES;
				SWIFT_UPCOMING_FEATURE_MEMBER_IMPORT_VISIBILITY = YES;
				SWIFT_VERSION = 5.0;
				TARGETED_DEVICE_FAMILY = "1,2";
			};
			name = Release;
		};
		C4803CB92EF0264D0038FA7D /* Debug */ = {
			isa = XCBuildConfiguration;
			buildSettings = {
				ALWAYS_SEARCH_USER_PATHS = NO;
				ASSETCATALOG_COMPILER_GENERATE_SWIFT_ASSET_SYMBOL_EXTENSIONS = YES;
				CLANG_ANALYZER_NONNULL = YES;
				CLANG_ANALYZER_NUMBER_OBJECT_CONVERSION = YES_AGGRESSIVE;
				CLANG_CXX_LANGUAGE_STANDARD = "gnu++20";
				CLANG_ENABLE_MODULES = YES;
				CLANG_ENABLE_OBJC_ARC = YES;
				CLANG_ENABLE_OBJC_WEAK = YES;
				CLANG_WARN_BLOCK_CAPTURE_AUTORELEASING = YES;
				CLANG_WARN_BOOL_CONVERSION = YES;
				CLANG_WARN_COMMA = YES;
				CLANG_WARN_CONSTANT_CONVERSION = YES;
				CLANG_WARN_DEPRECATED_OBJC_IMPLEMENTATIONS = YES;
				CLANG_WARN_DIRECT_OBJC_ISA_USAGE = YES_ERROR;
				CLANG_WARN_DOCUMENTATION_COMMENTS = YES;
				CLANG_WARN_EMPTY_BODY = YES;
				CLANG_WARN_ENUM_CONVERSION = YES;
				CLANG_WARN_INFINITE_RECURSION = YES;
				CLANG_WARN_INT_CONVERSION = YES;
				CLANG_WARN_NON_LITERAL_NULL_CONVERSION = YES;
				CLANG_WARN_OBJC_IMPLICIT_RETAIN_SELF = YES;
				CLANG_WARN_OBJC_LITERAL_CONVERSION = YES;
				CLANG_WARN_OBJC_ROOT_CLASS = YES_ERROR;
				CLANG_WARN_QUOTED_INCLUDE_IN_FRAMEWORK_HEADER = YES;
				CLANG_WARN_RANGE_LOOP_ANALYSIS = YES;
				CLANG_WARN_STRICT_PROTOTYPES = YES;
				CLANG_WARN_SUSPICIOUS_MOVE = YES;
				CLANG_WARN_UNGUARDED_AVAILABILITY = YES_AGGRESSIVE;
				CLANG_WARN_UNREACHABLE_CODE = YES;
				CLANG_WARN__DUPLICATE_METHOD_MATCH = YES;
				COPY_PHASE_STRIP = NO;
				DEBUG_INFORMATION_FORMAT = dwarf;
				DEVELOPMENT_TEAM = 456HUL2J6C;
				ENABLE_STRICT_OBJC_MSGSEND = YES;
				ENABLE_TESTABILITY = YES;
				ENABLE_USER_SCRIPT_SANDBOXING = YES;
				GCC_C_LANGUAGE_STANDARD = gnu17;
				GCC_DYNAMIC_NO_PIC = NO;
				GCC_NO_COMMON_BLOCKS = YES;
				GCC_OPTIMIZATION_LEVEL = 0;
				GCC_PREPROCESSOR_DEFINITIONS = (
					"DEBUG=1",
					"$(inherited)",
				);
				GCC_WARN_64_TO_32_BIT_CONVERSION = YES;
				GCC_WARN_ABOUT_RETURN_TYPE = YES_ERROR;
				GCC_WARN_UNDECLARED_SELECTOR = YES;
				GCC_WARN_UNINITIALIZED_AUTOS = YES_AGGRESSIVE;
				GCC_WARN_UNUSED_FUNCTION = YES;
				GCC_WARN_UNUSED_VARIABLE = YES;
				IPHONEOS_DEPLOYMENT_TARGET = 26.1;
				LOCALIZATION_PREFERS_STRING_CATALOGS = YES;
				MTL_ENABLE_DEBUG_INFO = INCLUDE_SOURCE;
				MTL_FAST_MATH = YES;
				ONLY_ACTIVE_ARCH = YES;
				SDKROOT = iphoneos;
				SWIFT_ACTIVE_COMPILATION_CONDITIONS = "DEBUG $(inherited)";
				SWIFT_OPTIMIZATION_LEVEL = "-Onone";
			};
			name = Debug;
		};
		C4803CBA2EF0264D0038FA7D /* Release */ = {
			isa = XCBuildConfiguration;
			buildSettings = {
				ALWAYS_SEARCH_USER_PATHS = NO;
				ASSETCATALOG_COMPILER_GENERATE_SWIFT_ASSET_SYMBOL_EXTENSIONS = YES;
				CLANG_ANALYZER_NONNULL = YES;
				CLANG_ANALYZER_NUMBER_OBJECT_CONVERSION = YES_AGGRESSIVE;
				CLANG_CXX_LANGUAGE_STANDARD = "gnu++20";
				CLANG_ENABLE_MODULES = YES;
				CLANG_ENABLE_OBJC_ARC = YES;
				CLANG_ENABLE_OBJC_WEAK = YES;
				CLANG_WARN_BLOCK_CAPTURE_AUTORELEASING = YES;
				CLANG_WARN_BOOL_CONVERSION = YES;
				CLANG_WARN_COMMA = YES;
				CLANG_WARN_CONSTANT_CONVERSION = YES;
				CLANG_WARN_DEPRECATED_OBJC_IMPLEMENTATIONS = YES;
				CLANG_WARN_DIRECT_OBJC_ISA_USAGE = YES_ERROR;
				CLANG_WARN_DOCUMENTATION_COMMENTS = YES;
				CLANG_WARN_EMPTY_BODY = YES;
				CLANG_WARN_ENUM_CONVERSION = YES;
				CLANG_WARN_INFINITE_RECURSION = YES;
				CLANG_WARN_INT_CONVERSION = YES;
				CLANG_WARN_NON_LITERAL_NULL_CONVERSION = YES;
				CLANG_WARN_OBJC_IMPLICIT_RETAIN_SELF = YES;
				CLANG_WARN_OBJC_LITERAL_CONVERSION = YES;
				CLANG_WARN_OBJC_ROOT_CLASS = YES_ERROR;
				CLANG_WARN_QUOTED_INCLUDE_IN_FRAMEWORK_HEADER = YES;
				CLANG_WARN_RANGE_LOOP_ANALYSIS = YES;
				CLANG_WARN_STRICT_PROTOTYPES = YES;
				CLANG_WARN_SUSPICIOUS_MOVE = YES;
				CLANG_WARN_UNGUARDED_AVAILABILITY = YES_AGGRESSIVE;
				CLANG_WARN_UNREACHABLE_CODE = YES;
				CLANG_WARN__DUPLICATE_METHOD_MATCH = YES;
				COPY_PHASE_STRIP = NO;
				DEBUG_INFORMATION_FORMAT = "dwarf-with-dsym";
				DEVELOPMENT_TEAM = 456HUL2J6C;
				ENABLE_NS_ASSERTIONS = NO;
				ENABLE_STRICT_OBJC_MSGSEND = YES;
				ENABLE_USER_SCRIPT_SANDBOXING = YES;
				GCC_C_LANGUAGE_STANDARD = gnu17;
				GCC_NO_COMMON_BLOCKS = YES;
				GCC_WARN_64_TO_32_BIT_CONVERSION = YES;
				GCC_WARN_ABOUT_RETURN_TYPE = YES_ERROR;
				GCC_WARN_UNDECLARED_SELECTOR = YES;
				GCC_WARN_UNINITIALIZED_AUTOS = YES_AGGRESSIVE;
				GCC_WARN_UNUSED_FUNCTION = YES;
				GCC_WARN_UNUSED_VARIABLE = YES;
				IPHONEOS_DEPLOYMENT_TARGET = 26.1;
				LOCALIZATION_PREFERS_STRING_CATALOGS = YES;
				MTL_ENABLE_DEBUG_INFO = NO;
				MTL_FAST_MATH = YES;
				SDKROOT = iphoneos;
				SWIFT_COMPILATION_MODE = wholemodule;
				VALIDATE_PRODUCT = YES;
			};
			name = Release;
		};
		C4803CBC2EF0264D0038FA7D /* Debug */ = {
			isa = XCBuildConfiguration;
			buildSettings = {
				BUNDLE_LOADER = "$(TEST_HOST)";
				CODE_SIGN_STYLE = Automatic;
				CURRENT_PROJECT_VERSION = 1;
				DEVELOPMENT_TEAM = 456HUL2J6C;
				GENERATE_INFOPLIST_FILE = YES;
				IPHONEOS_DEPLOYMENT_TARGET = 26.1;
				MARKETING_VERSION = 1.0;
				PRODUCT_BUNDLE_IDENTIFIER = com.thedevjeff.proverbiandoTests;
				PRODUCT_NAME = "$(TARGET_NAME)";
				STRING_CATALOG_GENERATE_SYMBOLS = NO;
				SWIFT_APPROACHABLE_CONCURRENCY = YES;
				SWIFT_EMIT_LOC_STRINGS = NO;
				SWIFT_UPCOMING_FEATURE_MEMBER_IMPORT_VISIBILITY = YES;
				SWIFT_VERSION = 5.0;
				TARGETED_DEVICE_FAMILY = "1,2";
				TEST_HOST = "$(BUILT_PRODUCTS_DIR)/proverbiando.app/$(BUNDLE_EXECUTABLE_FOLDER_PATH)/proverbiando";
			};
			name = Debug;
		};
		C4803CBD2EF0264D0038FA7D /* Release */ = {
			isa = XCBuildConfiguration;
			buildSettings = {
				BUNDLE_LOADER = "$(TEST_HOST)";
				CODE_SIGN_STYLE = Automatic;
				CURRENT_PROJECT_VERSION = 1;
				DEVELOPMENT_TEAM = 456HUL2J6C;
				GENERATE_INFOPLIST_FILE = YES;
				IPHONEOS_DEPLOYMENT_TARGET = 26.1;
				MARKETING_VERSION = 1.0;
				PRODUCT_BUNDLE_IDENTIFIER = com.thedevjeff.proverbiandoTests;
				PRODUCT_NAME = "$(TARGET_NAME)";
				STRING_CATALOG_GENERATE_SYMBOLS = NO;
				SWIFT_APPROACHABLE_CONCURRENCY = YES;
				SWIFT_EMIT_LOC_STRINGS = NO;
				SWIFT_UPCOMING_FEATURE_MEMBER_IMPORT_VISIBILITY = YES;
				SWIFT_VERSION = 5.0;
				TARGETED_DEVICE_FAMILY = "1,2";
				TEST_HOST = "$(BUILT_PRODUCTS_DIR)/proverbiando.app/$(BUNDLE_EXECUTABLE_FOLDER_PATH)/proverbiando";
			};
			name = Release;
		};
		C4803CBF2EF0264D0038FA7D /* Debug */ = {
			isa = XCBuildConfiguration;
			buildSettings = {
				CODE_SIGN_STYLE = Automatic;
				CURRENT_PROJECT_VERSION = 1;
				DEVELOPMENT_TEAM = 456HUL2J6C;
				GENERATE_INFOPLIST_FILE = YES;
				MARKETING_VERSION = 1.0;
				PRODUCT_BUNDLE_IDENTIFIER = com.thedevjeff.proverbiandoUITests;
				PRODUCT_NAME = "$(TARGET_NAME)";
				STRING_CATALOG_GENERATE_SYMBOLS = NO;
				SWIFT_APPROACHABLE_CONCURRENCY = YES;
				SWIFT_EMIT_LOC_STRINGS = NO;
				SWIFT_UPCOMING_FEATURE_MEMBER_IMPORT_VISIBILITY = YES;
				SWIFT_VERSION = 5.0;
				TARGETED_DEVICE_FAMILY = "1,2";
				TEST_TARGET_NAME = proverbiando;
			};
			name = Debug;
		};
		C4803CC02EF0264D0038FA7D /* Release */ = {
			isa = XCBuildConfiguration;
			buildSettings = {
				CODE_SIGN_STYLE = Automatic;
				CURRENT_PROJECT_VERSION = 1;
				DEVELOPMENT_TEAM = 456HUL2J6C;
				GENERATE_INFOPLIST_FILE = YES;
				MARKETING_VERSION = 1.0;
				PRODUCT_BUNDLE_IDENTIFIER = com.thedevjeff.proverbiandoUITests;
				PRODUCT_NAME = "$(TARGET_NAME)";
				STRING_CATALOG_GENERATE_SYMBOLS = NO;
				SWIFT_APPROACHABLE_CONCURRENCY = YES;
				SWIFT_EMIT_LOC_STRINGS = NO;
				SWIFT_UPCOMING_FEATURE_MEMBER_IMPORT_VISIBILITY = YES;
				SWIFT_VERSION = 5.0;
				TARGETED_DEVICE_FAMILY = "1,2";
				TEST_TARGET_NAME = proverbiando;
			};
			name = Release;
		};
/* End XCBuildConfiguration section */

/* Begin XCConfigurationList section */
		C4803C882EF0264B0038FA7D /* Build configuration list for PBXProject "proverbiando" */ = {
			isa = XCConfigurationList;
			buildConfigurations = (
				C4803CB92EF0264D0038FA7D /* Debug */,
				C4803CBA2EF0264D0038FA7D /* Release */,
			);
			defaultConfigurationIsVisible = 0;
			defaultConfigurationName = Release;
		};
		C4803CB62EF0264D0038FA7D /* Build configuration list for PBXNativeTarget "proverbiando" */ = {
			isa = XCConfigurationList;
			buildConfigurations = (
				C4803CB72EF0264D0038FA7D /* Debug */,
				C4803CB82EF0264D0038FA7D /* Release */,
			);
			defaultConfigurationIsVisible = 0;
			defaultConfigurationName = Release;
		};
		C4803CBB2EF0264D0038FA7D /* Build configuration list for PBXNativeTarget "proverbiandoTests" */ = {
			isa = XCConfigurationList;
			buildConfigurations = (
				C4803CBC2EF0264D0038FA7D /* Debug */,
				C4803CBD2EF0264D0038FA7D /* Release */,
			);
			defaultConfigurationIsVisible = 0;
			defaultConfigurationName = Release;
		};
		C4803CBE2EF0264D0038FA7D /* Build configuration list for PBXNativeTarget "proverbiandoUITests" */ = {
			isa = XCConfigurationList;
			buildConfigurations = (
				C4803CBF2EF0264D0038FA7D /* Debug */,
				C4803CC02EF0264D0038FA7D /* Release */,
			);
			defaultConfigurationIsVisible = 0;
			defaultConfigurationName = Release;
		};
/* End XCConfigurationList section */
	};
	rootObject = C4803C852EF0264B0038FA7D /* Project object */;
}
